{
  "name": "thin",
  "version": "1.13.0",
  "lockfileVersion": 2,
  "requires": true,
  "packages": {
    "": {
      "name": "thin",
      "version": "1.13.0",
      "dependencies": {
        "@rebble/clay": "^1.0.6",
        "pebble-scalable": "^1.5.1"
      }
    },
    "node_modules/@rebble/clay": {
      "version": "1.0.6",
      "resolved": "https://registry.npmjs.org/@rebble/clay/-/clay-1.0.6.tgz",
      "integrity": "sha512-gFmTUAHsDa+lV6QTU0StNuFk7MClF2GrkpCsXAXQtjk0wKo5lchCfwnhWzwBEWCyCkYAN4GRkaZG4TR4O4/tVg==",
      "license": "MIT"
    },
    "node_modules/pebble-scalable": {
      "version": "1.5.1",
      "resolved": "https://registry.npmjs.org/pebble-scalable/-/pebble-scalable-1.5.1.tgz",
      "integrity": "sha512-t1TiAXvMh/MypCogxHdjD4MJpal0+KGz0CZaBzdkjYizQix5WmPCnasLFoR8mq6Scscx9TKJN2tnpQaiez1zpA=="
    }
  },
  "dependencies": {
    "@rebble/clay": {
      "version": "1.0.6",
      "resolved": "https://registry.npmjs.org/@rebble/clay/-/clay-1.0.6.tgz",
      "integrity": "sha512-gFmTUAHsDa+lV6QTU0StNuFk7MClF2GrkpCsXAXQtjk0wKo5lchCfwnhWzwBEWCyCkYAN4GRkaZG4TR4O4/tVg=="
    },
    "pebble-scalable": {
      "version": "1.5.1",
      "resolved": "https://registry.npmjs.org/pebble-scalable/-/pebble-scalable-1.5.1.tgz",
      "integrity": "sha512-t1TiAXvMh/MypCogxHdjD4MJpal0+KGz0CZaBzdkjYizQix5WmPCnasLFoR8mq6Scscx9TKJN2tnpQaiez1zpA=="
    }
  }
}
