{
  "name": "thin",
  "version": "1.16.0",
  "lockfileVersion": 2,
  "requires": true,
  "packages": {
    "": {
      "name": "thin",
      "version": "1.16.0",
      "dependencies": {
        "@rebble/clay": "^1.0.8",
        "pebble-packet": "^1.6.0",
        "pebble-scalable": "^2.2.0"
      }
    },
    "node_modules/@rebble/clay": {
      "version": "1.0.8",
      "resolved": "https://registry.npmjs.org/@rebble/clay/-/clay-1.0.8.tgz",
      "integrity": "sha512-nLZes039sniW1Qx24AXirk1EH+JXNKSX5fAiJYObPL1znt83IGLIulZvDWXvM+HCmaSnjPheYdxvspr3CZicYQ==",
      "license": "MIT"
    },
    "node_modules/pebble-packet": {
      "version": "1.6.0",
      "resolved": "https://registry.npmjs.org/pebble-packet/-/pebble-packet-1.6.0.tgz",
      "integrity": "sha512-R59pwtaNKC64yA22Wz3AHD95wWSb/ADWYmdc1xGGBUIBoAP+4HVYIOUPOb5DRwzNiawCB3ImeMt8ZLrAlM+pHw=="
    },
    "node_modules/pebble-scalable": {
      "version": "2.2.0",
      "resolved": "https://registry.npmjs.org/pebble-scalable/-/pebble-scalable-2.2.0.tgz",
      "integrity": "sha512-JbeioWDaCrrvk0bj4VRWWvAuaPUFnblE83YS7Iu9Ew5mLcxsr7szs03aeHI2q+qL1Opr+YL+z3Mp2rVhfBpBww=="
    }
  },
  "dependencies": {
    "@rebble/clay": {
      "version": "1.0.8",
      "resolved": "https://registry.npmjs.org/@rebble/clay/-/clay-1.0.8.tgz",
      "integrity": "sha512-nLZes039sniW1Qx24AXirk1EH+JXNKSX5fAiJYObPL1znt83IGLIulZvDWXvM+HCmaSnjPheYdxvspr3CZicYQ=="
    },
    "pebble-packet": {
      "version": "1.6.0",
      "resolved": "https://registry.npmjs.org/pebble-packet/-/pebble-packet-1.6.0.tgz",
      "integrity": "sha512-R59pwtaNKC64yA22Wz3AHD95wWSb/ADWYmdc1xGGBUIBoAP+4HVYIOUPOb5DRwzNiawCB3ImeMt8ZLrAlM+pHw=="
    },
    "pebble-scalable": {
      "version": "2.2.0",
      "resolved": "https://registry.npmjs.org/pebble-scalable/-/pebble-scalable-2.2.0.tgz",
      "integrity": "sha512-JbeioWDaCrrvk0bj4VRWWvAuaPUFnblE83YS7Iu9Ew5mLcxsr7szs03aeHI2q+qL1Opr+YL+z3Mp2rVhfBpBww=="
    }
  }
}
