{
  "name": "thin",
  "version": "1.13.0",
  "lockfileVersion": 2,
  "requires": true,
  "packages": {
    "": {
      "name": "thin",
      "version": "1.13.0",
      "dependencies": {
        "pebble-clay": "^1.0.4",
        "pebble-scalable": "^1.5.1"
      }
    },
    "node_modules/pebble-clay": {
      "version": "1.0.4",
      "resolved": "https://registry.npmjs.org/pebble-clay/-/pebble-clay-1.0.4.tgz",
      "integrity": "sha512-/rXxmltdW8JyohDzXINdea+d2wnFJVNFiTXfuZsKpySURZSCFMMucX9sZPZvbHnEA4xFINM4iicyhBbvY4ALfw==",
      "license": "MIT"
    },
    "node_modules/pebble-scalable": {
      "version": "1.5.1",
      "resolved": "https://registry.npmjs.org/pebble-scalable/-/pebble-scalable-1.5.1.tgz",
      "integrity": "sha512-t1TiAXvMh/MypCogxHdjD4MJpal0+KGz0CZaBzdkjYizQix5WmPCnasLFoR8mq6Scscx9TKJN2tnpQaiez1zpA=="
    }
  },
  "dependencies": {
    "pebble-clay": {
      "version": "1.0.4",
      "resolved": "https://registry.npmjs.org/pebble-clay/-/pebble-clay-1.0.4.tgz",
      "integrity": "sha512-/rXxmltdW8JyohDzXINdea+d2wnFJVNFiTXfuZsKpySURZSCFMMucX9sZPZvbHnEA4xFINM4iicyhBbvY4ALfw=="
    },
    "pebble-scalable": {
      "version": "1.5.1",
      "resolved": "https://registry.npmjs.org/pebble-scalable/-/pebble-scalable-1.5.1.tgz",
      "integrity": "sha512-t1TiAXvMh/MypCogxHdjD4MJpal0+KGz0CZaBzdkjYizQix5WmPCnasLFoR8mq6Scscx9TKJN2tnpQaiez1zpA=="
    }
  }
}
