{
  "name": "void-statues",
  "version": "1.3.0",
  "lockfileVersion": 3,
  "requires": true,
  "packages": {
    "": {
      "name": "void-statues",
      "version": "1.3.0",
      "dependencies": {
        "pebble-isometric": "^1.3.1"
      }
    },
    "node_modules/pebble-isometric": {
      "version": "1.3.1",
      "resolved": "https://registry.npmjs.org/pebble-isometric/-/pebble-isometric-1.3.1.tgz",
      "integrity": "sha512-FEnKVTZdLnqdnnO2k/ZHqmXt968pYkxkY9lXNJcafPuXIUfr5OHsiybAoIHwhkI2L0M+hwb1AAgqS9Jd6MejHw==",
      "dependencies": {
        "pebble-universal-fb": "^1.7.2"
      }
    },
    "node_modules/pebble-universal-fb": {
      "version": "1.7.2",
      "resolved": "https://registry.npmjs.org/pebble-universal-fb/-/pebble-universal-fb-1.7.2.tgz",
      "integrity": "sha512-1KaVgJhHjELmUZcq4+2EIC1x8krclqCBIMTGDbHC1ogGKymwsZ573JLjiJHjOUQhRRsgughHCOdmZHSBBw5ihg==",
      "license": "MIT"
    }
  }
}
