{
  "name": "void-statues",
  "version": "1.2.0",
  "lockfileVersion": 3,
  "requires": true,
  "packages": {
    "": {
      "name": "void-statues",
      "version": "1.2.0",
      "dependencies": {
        "pebble-isometric": "^1.1.0"
      }
    },
    "node_modules/pebble-isometric": {
      "version": "1.1.0",
      "resolved": "https://registry.npmjs.org/pebble-isometric/-/pebble-isometric-1.1.0.tgz",
      "integrity": "sha512-k0d6ruQrm4qJoLTmzz4J24Y58swwE5fi+Wb8jLqO9eWrLeieg4FlIopfPCZN0Pe0I1FlL8LjDRE8/ZQKmo36sA==",
      "dependencies": {
        "pebble-universal-fb": "^1.7.2"
      }
    },
    "node_modules/pebble-universal-fb": {
      "version": "1.7.2",
      "resolved": "https://registry.npmjs.org/pebble-universal-fb/-/pebble-universal-fb-1.7.2.tgz",
      "integrity": "sha512-1KaVgJhHjELmUZcq4+2EIC1x8krclqCBIMTGDbHC1ogGKymwsZ573JLjiJHjOUQhRRsgughHCOdmZHSBBw5ihg==",
      "license": "MIT"
    }
  }
}
