{
  "name": "test-app",
  "version": "1.0.0",
  "lockfileVersion": 3,
  "requires": true,
  "packages": {
    "": {
      "name": "test-app",
      "version": "1.0.0",
      "dependencies": {
        "pebble-isometric": "^1.2.0-beta.2"
      }
    },
    "node_modules/pebble-isometric": {
      "version": "1.2.0-beta.2",
      "resolved": "https://registry.npmjs.org/pebble-isometric/-/pebble-isometric-1.2.0-beta.2.tgz",
      "integrity": "sha512-DRsZYcW287T1x1l8kdCchrCuPU+/727u5YaSfCjGLFTsuyo8sPeaAkGC0ttFgPQgkuGtXvRqijw/fdfddVJ8Bg==",
      "dependencies": {
        "pebble-universal-fb": "^1.7.2"
      }
    },
    "node_modules/pebble-universal-fb": {
      "version": "1.7.2",
      "resolved": "https://registry.npmjs.org/pebble-universal-fb/-/pebble-universal-fb-1.7.2.tgz",
      "integrity": "sha512-1KaVgJhHjELmUZcq4+2EIC1x8krclqCBIMTGDbHC1ogGKymwsZ573JLjiJHjOUQhRRsgughHCOdmZHSBBw5ihg==",
      "license": "MIT"
    }
  }
}
