{
  "name": "pebble-pge",
  "version": "1.6.2",
  "lockfileVersion": 3,
  "requires": true,
  "packages": {
    "": {
      "name": "pebble-pge",
      "version": "1.6.2",
      "license": "MIT",
      "dependencies": {
        "universal-fb": "1.6.0"
      }
    },
    "node_modules/universal-fb": {
      "version": "1.6.0",
      "resolved": "https://registry.npmjs.org/universal-fb/-/universal-fb-1.6.0.tgz",
      "integrity": "sha512-ROp4lDoCy4csZ2MIYuEQcjaTkKEGgad0V66juAt5/JzZW2Wlwb8mI6NAHxNtwuPNgi+xotz8xSqD00kr5A888A==",
      "deprecated": "Please use pebble-universal-fb instead"
    }
  }
}
