{
  "name": "muninn",
  "version": "1.14.0",
  "lockfileVersion": 3,
  "requires": true,
  "packages": {
    "": {
      "name": "muninn",
      "version": "1.14.0",
      "dependencies": {
        "pebble-scalable": "^1.5.1",
        "pebble-timeline-js": "^2.1.1"
      }
    },
    "node_modules/pebble-scalable": {
      "version": "1.5.1",
      "resolved": "https://registry.npmjs.org/pebble-scalable/-/pebble-scalable-1.5.1.tgz",
      "integrity": "sha512-t1TiAXvMh/MypCogxHdjD4MJpal0+KGz0CZaBzdkjYizQix5WmPCnasLFoR8mq6Scscx9TKJN2tnpQaiez1zpA=="
    },
    "node_modules/pebble-timeline-js": {
      "version": "2.1.1",
      "resolved": "https://registry.npmjs.org/pebble-timeline-js/-/pebble-timeline-js-2.1.1.tgz",
      "integrity": "sha512-YIj58eI142MJ7HgNpObSNo3g/RTV8E2/32QE9ECB6o5EqzQ7qlYqRpd4/kJ81OJUk1zRZhywBY43STm85o88QA=="
    }
  }
}
