{
  "name": "time-dots",
  "version": "1.5.0",
  "lockfileVersion": 3,
  "requires": true,
  "packages": {
    "": {
      "name": "time-dots",
      "version": "1.5.0",
      "dependencies": {
        "@rebble/clay": "^1.0.3",
        "pebble-packet": "^1.5.0",
        "pebble-scalable": "^1.6.0"
      }
    },
    "node_modules/@rebble/clay": {
      "version": "1.0.6",
      "resolved": "https://registry.npmjs.org/@rebble/clay/-/clay-1.0.6.tgz",
      "integrity": "sha512-gFmTUAHsDa+lV6QTU0StNuFk7MClF2GrkpCsXAXQtjk0wKo5lchCfwnhWzwBEWCyCkYAN4GRkaZG4TR4O4/tVg==",
      "license": "MIT"
    },
    "node_modules/pebble-packet": {
      "version": "1.5.0",
      "resolved": "https://registry.npmjs.org/pebble-packet/-/pebble-packet-1.5.0.tgz",
      "integrity": "sha512-mh1hkJDv3dpo0sz+cVDYhoXC6ye2aLD3RU9tUqsd/RsPFFPV1xac1ifOefb72f5mDGoJLGro6ThL7d/kQsy5xg=="
    },
    "node_modules/pebble-scalable": {
      "version": "1.6.0",
      "resolved": "https://registry.npmjs.org/pebble-scalable/-/pebble-scalable-1.6.0.tgz",
      "integrity": "sha512-tyrOJHvMtaHSxq1M51sNm4xLmn4nLjb3JFhEhl6g2HK3c7SOGCL/VzB9CSW+XOaiDjFw6+wsbfVcO/mFi3ZqFQ=="
    }
  }
}
