{
  "name": "isotime",
  "version": "1.15.0",
  "lockfileVersion": 3,
  "requires": true,
  "packages": {
    "": {
      "name": "isotime",
      "version": "1.15.0",
      "dependencies": {
        "@rebble/clay": "^1.0.8",
        "pebble-isometric": "^1.5.0",
        "pebble-packet": "^1.6.0",
        "pebble-pge-simple": "^1.1.0",
        "pebble-universal-fb": "^1.10.0"
      }
    },
    "node_modules/@rebble/clay": {
      "version": "1.0.8",
      "resolved": "https://registry.npmjs.org/@rebble/clay/-/clay-1.0.8.tgz",
      "integrity": "sha512-nLZes039sniW1Qx24AXirk1EH+JXNKSX5fAiJYObPL1znt83IGLIulZvDWXvM+HCmaSnjPheYdxvspr3CZicYQ==",
      "license": "MIT"
    },
    "node_modules/pebble-isometric": {
      "version": "1.5.0",
      "resolved": "https://registry.npmjs.org/pebble-isometric/-/pebble-isometric-1.5.0.tgz",
      "integrity": "sha512-b1PA8H+VTTEAMd1zeLaEh2N0SEpxSBbl+JmYKDS95NIuBUagUgU3NbtK2pdpGlmcbVyd1GcCOoh1pHlwSLk4Bw==",
      "dependencies": {
        "pebble-universal-fb": "^1.10.0"
      }
    },
    "node_modules/pebble-packet": {
      "version": "1.6.0",
      "resolved": "https://registry.npmjs.org/pebble-packet/-/pebble-packet-1.6.0.tgz",
      "integrity": "sha512-R59pwtaNKC64yA22Wz3AHD95wWSb/ADWYmdc1xGGBUIBoAP+4HVYIOUPOb5DRwzNiawCB3ImeMt8ZLrAlM+pHw=="
    },
    "node_modules/pebble-pge-simple": {
      "version": "1.1.0",
      "resolved": "https://registry.npmjs.org/pebble-pge-simple/-/pebble-pge-simple-1.1.0.tgz",
      "integrity": "sha512-EuyC82n68A8MRfj5G+Ju8yWY650N6CQZRSm0DDoPHBP+4uWTrrzNi3YHuEnlklXr4g9PBj6qedT4jMLquVu/zg==",
      "license": "MIT"
    },
    "node_modules/pebble-universal-fb": {
      "version": "1.10.0",
      "resolved": "https://registry.npmjs.org/pebble-universal-fb/-/pebble-universal-fb-1.10.0.tgz",
      "integrity": "sha512-ib52372OD8F2YLzms7GjNBs+FHjANu6Gz7ccPjbLqEy8zt1nlLI6ZeTSm56CtuUnRpRXTmnfNxLSo64iS2yLCg==",
      "license": "MIT"
    }
  }
}
