{
  "name": "split-horizon",
  "version": "1.3.0",
  "lockfileVersion": 3,
  "requires": true,
  "packages": {
    "": {
      "name": "split-horizon",
      "version": "1.3.0",
      "dependencies": {
        "@rebble/clay": "^1.0.6",
        "pebble-packet": "^1.5.0",
        "pebble-scalable": "^2.0.0"
      }
    },
    "node_modules/@rebble/clay": {
      "version": "1.0.6",
      "resolved": "https://registry.npmjs.org/@rebble/clay/-/clay-1.0.6.tgz",
      "integrity": "sha512-gFmTUAHsDa+lV6QTU0StNuFk7MClF2GrkpCsXAXQtjk0wKo5lchCfwnhWzwBEWCyCkYAN4GRkaZG4TR4O4/tVg==",
      "license": "MIT"
    },
    "node_modules/pebble-packet": {
      "version": "1.5.0",
      "resolved": "https://registry.npmjs.org/pebble-packet/-/pebble-packet-1.5.0.tgz",
      "integrity": "sha512-mh1hkJDv3dpo0sz+cVDYhoXC6ye2aLD3RU9tUqsd/RsPFFPV1xac1ifOefb72f5mDGoJLGro6ThL7d/kQsy5xg=="
    },
    "node_modules/pebble-scalable": {
      "version": "2.0.0",
      "resolved": "https://registry.npmjs.org/pebble-scalable/-/pebble-scalable-2.0.0.tgz",
      "integrity": "sha512-34RWQiXg0/5OIi5RLNJUOlNyi9k+dd7DVpB3LLIxNDBt5GfxlP3taY+Mq7QBc9isvc6LOvCkyr4Gcd36kKBOng=="
    }
  }
}
